
Microsoft Visual Studio Solution File, Format Version 12.00
# Visual Studio Version 17
VisualStudioVersion = 17.9.34728.123
MinimumVisualStudioVersion = 10.0.40219.1
Project("{FAE04EC0-301F-11D3-BF4B-00C04F79EFBC}") = "test.ui", "test.ui\test.ui.csproj", "{C98AEF84-8777-4343-8589-96D792AA3AF0}"
EndProject
Global
	GlobalSection(SolutionConfigurationPlatforms) = preSolution
		Debug|Any CPU = Debug|Any CPU
		Release|Any CPU = Release|Any CPU
	EndGlobalSection
	GlobalSection(ProjectConfigurationPlatforms) = postSolution
		{C98AEF84-8777-4343-8589-96D792AA3AF0}.Debug|Any CPU.ActiveCfg = Debug|Any CPU
		{C98AEF84-8777-4343-8589-96D792AA3AF0}.Debug|Any CPU.Build.0 = Debug|Any CPU
		{C98AEF84-8777-4343-8589-96D792AA3AF0}.Release|Any CPU.ActiveCfg = Release|Any CPU
		{C98AEF84-8777-4343-8589-96D792AA3AF0}.Release|Any CPU.Build.0 = Release|Any CPU
	EndGlobalSection
	GlobalSection(SolutionProperties) = preSolution
		HideSolutionNode = FALSE
	EndGlobalSection
	GlobalSection(ExtensibilityGlobals) = postSolution
		SolutionGuid = {AE5267B9-B671-48B3-B99A-DC78643EB75B}
	EndGlobalSection
EndGlobal
